
Microsoft Visual Studio Solution File, Format Version 12.00
# Visual Studio Version 17
VisualStudioVersion = 17.11.35208.52
MinimumVisualStudioVersion = 10.0.40219.1
Project("{FAE04EC0-301F-11D3-BF4B-00C04F79EFBC}") = "XBuilder", "XBuilder\XBuilder.csproj", "{E5FA4247-3C67-44D6-A330-DE2C4432F08B}"
EndProject
Global
	GlobalSection(SolutionConfigurationPlatforms) = preSolution
		Debug|Any CPU = Debug|Any CPU
		Release|Any CPU = Release|Any CPU
	EndGlobalSection
	GlobalSection(ProjectConfigurationPlatforms) = postSolution
		{E5FA4247-3C67-44D6-A330-DE2C4432F08B}.Debug|Any CPU.ActiveCfg = Debug|Any CPU
		{E5FA4247-3C67-44D6-A330-DE2C4432F08B}.Debug|Any CPU.Build.0 = Debug|Any CPU
		{E5FA4247-3C67-44D6-A330-DE2C4432F08B}.Release|Any CPU.ActiveCfg = Release|Any CPU
		{E5FA4247-3C67-44D6-A330-DE2C4432F08B}.Release|Any CPU.Build.0 = Release|Any CPU
	EndGlobalSection
	GlobalSection(SolutionProperties) = preSolution
		HideSolutionNode = FALSE
	EndGlobalSection
	GlobalSection(ExtensibilityGlobals) = postSolution
		SolutionGuid = {88C6B329-5F28-4789-8E43-735046EE79F8}
	EndGlobalSection
EndGlobal
